// !$*UTF8*$!
{
	archiveVersion = 1;
	classes = {
	};
	objectVersion = 46;
	objects = {

/* Begin PBXBuildFile section */
		2FC272811C6D74AC009FACD7 /* AppDelegate.swift in Sources */ = {isa = PBXBuildFile; fileRef = 2FC272801C6D74AC009FACD7 /* AppDelegate.swift */; };
		2FC272831C6D74AC009FACD7 /* ViewController.swift in Sources */ = {isa = PBXBuildFile; fileRef = 2FC272821C6D74AC009FACD7 /* ViewController.swift */; };
		2FC272861C6D74AC009FACD7 /* Main.storyboard in Resources */ = {isa = PBXBuildFile; fileRef = 2FC272841C6D74AC009FACD7 /* Main.storyboard */; };
		2FC272881C6D74AC009FACD7 /* Assets.xcassets in Resources */ = {isa = PBXBuildFile; fileRef = 2FC272871C6D74AC009FACD7 /* Assets.xcassets */; };
		2FC2728B1C6D74AC009FACD7 /* LaunchScreen.storyboard in Resources */ = {isa = PBXBuildFile; fileRef = 2FC272891C6D74AC009FACD7 /* LaunchScreen.storyboard */; };
/* End PBXBuildFile section */

/* Begin PBXFileReference section */
		2FC2727D1C6D74AC009FACD7 /* AutoLayoutConstraints.app */ = {isa = PBXFileReference; explicitFileType = wrapper.application; includeInIndex = 0; path = AutoLayoutConstraints.app; sourceTree = BUILT_PRODUCTS_DIR; };
		2FC272801C6D74AC009FACD7 /* AppDelegate.swift */ = {isa = PBXFileReference; lastKnownFileType = sourcecode.swift; path = AppDelegate.swift; sourceTree = "<group>"; };
		2FC272821C6D74AC009FACD7 /* ViewController.swift */ = {isa = PBXFileReference; lastKnownFileType = sourcecode.swift; path = ViewController.swift; sourceTree = "<group>"; };
		2FC272851C6D74AC009FACD7 /* Base */ = {isa = PBXFileReference; lastKnownFileType = file.storyboard; name = Base; path = Base.lproj/Main.storyboard; sourceTree = "<group>"; };
		2FC272871C6D74AC009FACD7 /* Assets.xcassets */ = {isa = PBXFileReference; lastKnownFileType = folder.assetcatalog; path = Assets.xcassets; sourceTree = "<group>"; };
		2FC2728A1C6D74AC009FACD7 /* Base */ = {isa = PBXFileReference; lastKnownFileType = file.storyboard; name = Base; path = Base.lproj/LaunchScreen.storyboard; sourceTree = "<group>"; };
		2FC2728C1C6D74AC009FACD7 /* Info.plist */ = {isa = PBXFileReference; lastKnownFileType = text.plist.xml; path = Info.plist; sourceTree = "<group>"; };
/* End PBXFileReference section */

/* Begin PBXFrameworksBuildPhase section */
		2FC2727A1C6D74AC009FACD7 /* Frameworks */ = {
			isa = PBXFrameworksBuildPhase;
			buildActionMask = 2147483647;
			files = (
			);
			runOnlyForDeploymentPostprocessing = 0;
		};
/* End PBXFrameworksBuildPhase section */

/* Begin PBXGroup section */
		2FC272741C6D74AC009FACD7 = {
			isa = PBXGroup;
			children = (
				2FC2727F1C6D74AC009FACD7 /* AutoLayoutConstraints */,
				2FC2727E1C6D74AC009FACD7 /* Products */,
			);
			sourceTree = "<group>";
		};
		2FC2727E1C6D74AC009FACD7 /* Products */ = {
			isa = PBXGroup;
			children = (
				2FC2727D1C6D74AC009FACD7 /* AutoLayoutConstraints.app */,
			);
			name = Products;
			sourceTree = "<group>";
		};
		2FC2727F1C6D74AC009FACD7 /* AutoLayoutConstraints */ = {
			isa = PBXGroup;
			children = (
				2FC272801C6D74AC009FACD7 /* AppDelegate.swift */,
				2FC272821C6D74AC009FACD7 /* ViewController.swift */,
				2FC272841C6D74AC009FACD7 /* Main.storyboard */,
				2FC272871C6D74AC009FACD7 /* Assets.xcassets */,
				2FC272891C6D74AC009FACD7 /* LaunchScreen.storyboard */,
				2FC2728C1C6D74AC009FACD7 /* Info.plist */,
			);
			path = AutoLayoutConstraints;
			sourceTree = "<group>";
		};
/* End PBXGroup section */

/* Begin PBXNativeTarget section */
		2FC2727C1C6D74AC009FACD7 /* AutoLayoutConstraints */ = {
			isa = PBXNativeTarget;
			buildConfigurationList = 2FC2728F1C6D74AC009FACD7 /* Build configuration list for PBXNativeTarget "AutoLayoutConstraints" */;
			buildPhases = (
				2FC272791C6D74AC009FACD7 /* Sources */,
				2FC2727A1C6D74AC009FACD7 /* Frameworks */,
				2FC2727B1C6D74AC009FACD7 /* Resources */,
			);
			buildRules = (
			);
			dependencies = (
			);
			name = AutoLayoutConstraints;
			productName = AutoLayoutConstraints;
			productReference = 2FC2727D1C6D74AC009FACD7 /* AutoLayoutConstraints.app */;
			productType = "com.apple.product-type.application";
		};
/* End PBXNativeTarget section */

/* Begin PBXProject section */
		2FC272751C6D74AC009FACD7 /* Project object */ = {
			isa = PBXProject;
			attributes = {
				LastSwiftUpdateCheck = 0720;
				LastUpgradeCheck = 0720;
				ORGANIZATIONNAME = "Tyler Lutz Designs";
				TargetAttributes = {
					2FC2727C1C6D74AC009FACD7 = {
						CreatedOnToolsVersion = 7.2.1;
					};
				};
			};
			buildConfigurationList = 2FC272781C6D74AC009FACD7 /* Build configuration list for PBXProject "AutoLayoutConstraints" */;
			compatibilityVersion = "Xcode 3.2";
			developmentRegion = English;
			hasScannedForEncodings = 0;
			knownRegions = (
				en,
				Base,
			);
			mainGroup = 2FC272741C6D74AC009FACD7;
			productRefGroup = 2FC2727E1C6D74AC009FACD7 /* Products */;
			projectDirPath = "";
			projectRoot = "";
			targets = (
				2FC2727C1C6D74AC009FACD7 /* AutoLayoutConstraints */,
			);
		};
/* End PBXProject section */

/* Begin PBXResourcesBuildPhase section */
		2FC2727B1C6D74AC009FACD7 /* Resources */ = {
			isa = PBXResourcesBuildPhase;
			buildActionMask = 2147483647;
			files = (
				2FC2728B1C6D74AC009FACD7 /* LaunchScreen.storyboard in Resources */,
				2FC272881C6D74AC009FACD7 /* Assets.xcassets in Resources */,
				2FC272861C6D74AC009FACD7 /* Main.storyboard in Resources */,
			);
			runOnlyForDeploymentPostprocessing = 0;
		};
/* End PBXResourcesBuildPhase section */

/* Begin PBXSourcesBuildPhase section */
		2FC272791C6D74AC009FACD7 /* Sources */ = {
			isa = PBXSourcesBuildPhase;
			buildActionMask = 2147483647;
			files = (
				2FC272831C6D74AC009FACD7 /* ViewController.swift in Sources */,
				2FC272811C6D74AC009FACD7 /* AppDelegate.swift in Sources */,
			);
			runOnlyForDeploymentPostprocessing = 0;
		};
/* End PBXSourcesBuildPhase section */

/* Begin PBXVariantGroup section */
		2FC272841C6D74AC009FACD7 /* Main.storyboard */ = {
			isa = PBXVariantGroup;
			children = (
				2FC272851C6D74AC009FACD7 /* Base */,
			);
			name = Main.storyboard;
			sourceTree = "<group>";
		};
		2FC272891C6D74AC009FACD7 /* LaunchScreen.storyboard */ = {
			isa = PBXVariantGroup;
			children = (
				2FC2728A1C6D74AC009FACD7 /* Base */,
			);
			name = LaunchScreen.storyboard;
			sourceTree = "<group>";
		};
/* End PBXVariantGroup section */

/* Begin XCBuildConfiguration section */
		2FC2728D1C6D74AC009FACD7 /* Debug */ = {
			isa = XCBuildConfiguration;
			buildSettings = {
				ALWAYS_SEARCH_USER_PATHS = NO;
				CLANG_CXX_LANGUAGE_STANDARD = "gnu++0x";
				CLANG_CXX_LIBRARY = "libc++";
				CLANG_ENABLE_MODULES = YES;
				CLANG_ENABLE_OBJC_ARC = YES;
				CLANG_WARN_BOOL_CONVERSION = YES;
				CLANG_WARN_CONSTANT_CONVERSION = YES;
				CLANG_WARN_DIRECT_OBJC_ISA_USAGE = YES_ERROR;
				CLANG_WARN_EMPTY_BODY = YES;
				CLANG_WARN_ENUM_CONVERSION = YES;
				CLANG_WARN_INT_CONVERSION = YES;
				CLANG_WARN_OBJC_ROOT_CLASS = YES_ERROR;
				CLANG_WARN_UNREACHABLE_CODE = YES;
				CLANG_WARN__DUPLICATE_METHOD_MATCH = YES;
				"CODE_SIGN_IDENTITY[sdk=iphoneos*]" = "iPhone Developer";
				COPY_PHASE_STRIP = NO;
				DEBUG_INFORMATION_FORMAT = dwarf;
				ENABLE_STRICT_OBJC_MSGSEND = YES;
				ENABLE_TESTABILITY = YES;
				GCC_C_LANGUAGE_STANDARD = gnu99;
				GCC_DYNAMIC_NO_PIC = NO;
				GCC_NO_COMMON_BLOCKS = YES;
				GCC_OPTIMIZATION_LEVEL = 0;
				GCC_PREPROCESSOR_DEFINITIONS = (
					"DEBUG=1",
					"$(inherited)",
				);
				GCC_WARN_64_TO_32_BIT_CONVERSION = YES;
				GCC_WARN_ABOUT_RETURN_TYPE = YES_ERROR;
				GCC_WARN_UNDECLARED_SELECTOR = YES;
				GCC_WARN_UNINITIALIZED_AUTOS = YES_AGGRESSIVE;
				GCC_WARN_UNUSED_FUNCTION = YES;
				GCC_WARN_UNUSED_VARIABLE = YES;
				IPHONEOS_DEPLOYMENT_TARGET = 9.2;
				MTL_ENABLE_DEBUG_INFO = YES;
				ONLY_ACTIVE_ARCH = YES;
				SDKROOT = iphoneos;
				SWIFT_OPTIMIZATION_LEVEL = "-Onone";
			};
			name = Debug;
		};
		2FC2728E1C6D74AC009FACD7 /* Release */ = {
			isa = XCBuildConfiguration;
			buildSettings = {
				ALWAYS_SEARCH_USER_PATHS = NO;
				CLANG_CXX_LANGUAGE_STANDARD = "gnu++0x";
				CLANG_CXX_LIBRARY = "libc++";
				CLANG_ENABLE_MODULES = YES;
				CLANG_ENABLE_OBJC_ARC = YES;
				CLANG_WARN_BOOL_CONVERSION = YES;
				CLANG_WARN_CONSTANT_CONVERSION = YES;
				CLANG_WARN_DIRECT_OBJC_ISA_USAGE = YES_ERROR;
				CLANG_WARN_EMPTY_BODY = YES;
				CLANG_WARN_ENUM_CONVERSION = YES;
				CLANG_WARN_INT_CONVERSION = YES;
				CLANG_WARN_OBJC_ROOT_CLASS = YES_ERROR;
				CLANG_WARN_UNREACHABLE_CODE = YES;
				CLANG_WARN__DUPLICATE_METHOD_MATCH = YES;
				"CODE_SIGN_IDENTITY[sdk=iphoneos*]" = "iPhone Developer";
				COPY_PHASE_STRIP = NO;
				DEBUG_INFORMATION_FORMAT = "dwarf-with-dsym";
				ENABLE_NS_ASSERTIONS = NO;
				ENABLE_STRICT_OBJC_MSGSEND = YES;
				GCC_C_LANGUAGE_STANDARD = gnu99;
				GCC_NO_COMMON_BLOCKS = YES;
				GCC_WARN_64_TO_32_BIT_CONVERSION = YES;
				GCC_WARN_ABOUT_RETURN_TYPE = YES_ERROR;
				GCC_WARN_UNDECLARED_SELECTOR = YES;
				GCC_WARN_UNINITIALIZED_AUTOS = YES_AGGRESSIVE;
				GCC_WARN_UNUSED_FUNCTION = YES;
				GCC_WARN_UNUSED_VARIABLE = YES;
				IPHONEOS_DEPLOYMENT_TARGET = 9.2;
				MTL_ENABLE_DEBUG_INFO = NO;
				SDKROOT = iphoneos;
				VALIDATE_PRODUCT = YES;
			};
			name = Release;
		};
		2FC272901C6D74AC009FACD7 /* Debug */ = {
			isa = XCBuildConfiguration;
			buildSettings = {
				ASSETCATALOG_COMPILER_APPICON_NAME = AppIcon;
				INFOPLIST_FILE = AutoLayoutConstraints/Info.plist;
				LD_RUNPATH_SEARCH_PATHS = "$(inherited) @executable_path/Frameworks";
				PRODUCT_BUNDLE_IDENTIFIER = com.tylerlutz.AutoLayoutConstraints;
				PRODUCT_NAME = "$(TARGET_NAME)";
			};
			name = Debug;
		};
		2FC272911C6D74AC009FACD7 /* Release */ = {
			isa = XCBuildConfiguration;
			buildSettings = {
				ASSETCATALOG_COMPILER_APPICON_NAME = AppIcon;
				INFOPLIST_FILE = AutoLayoutConstraints/Info.plist;
				LD_RUNPATH_SEARCH_PATHS = "$(inherited) @executable_path/Frameworks";
				PRODUCT_BUNDLE_IDENTIFIER = com.tylerlutz.AutoLayoutConstraints;
				PRODUCT_NAME = "$(TARGET_NAME)";
			};
			name = Release;
		};
/* End XCBuildConfiguration section */

/* Begin XCConfigurationList section */
		2FC272781C6D74AC009FACD7 /* Build configuration list for PBXProject "AutoLayoutConstraints" */ = {
			isa = XCConfigurationList;
			buildConfigurations = (
				2FC2728D1C6D74AC009FACD7 /* Debug */,
				2FC2728E1C6D74AC009FACD7 /* Release */,
			);
			defaultConfigurationIsVisible = 0;
			defaultConfigurationName = Release;
		};
		2FC2728F1C6D74AC009FACD7 /* Build configuration list for PBXNativeTarget "AutoLayoutConstraints" */ = {
			isa = XCConfigurationList;
			buildConfigurations = (
				2FC272901C6D74AC009FACD7 /* Debug */,
				2FC272911C6D74AC009FACD7 /* Release */,
			);
			defaultConfigurationIsVisible = 0;
		};
/* End XCConfigurationList section */
	};
	rootObject = 2FC272751C6D74AC009FACD7 /* Project object */;
}
